
Microsoft Visual Studio Solution File, Format Version 10.00
# Visual Studio 2008
Project("{2150E333-8FDC-42A3-9474-1A3956D46DE8}") = "Solution Items", "Solution Items", "{221580DA-93E3-4C9C-A7DE-AD03BFF5876F}"
	ProjectSection(SolutionItems) = preProject
		CancerGov.vsmdi = CancerGov.vsmdi
		CDESites\CancerGov\LocalTestRun.testrunconfig = CDESites\CancerGov\LocalTestRun.testrunconfig
	EndProjectSection
EndProject
Project("{2150E333-8FDC-42A3-9474-1A3956D46DE8}") = "UnitTests", "UnitTests", "{09A56358-BCEB-41D5-8624-DCC147A5B57C}"
EndProject
Project("{2150E333-8FDC-42A3-9474-1A3956D46DE8}") = "NCILibrary", "NCILibrary", "{5D9D8645-C846-43F9-B85C-043CD21225DB}"
EndProject
Project("{2150E333-8FDC-42A3-9474-1A3956D46DE8}") = "CancerGovSpecific", "CancerGovSpecific", "{9EAB6B68-85D5-4D4B-A699-C25A2113362D}"
EndProject
Project("{FAE04EC0-301F-11D3-BF4B-00C04F79EFBC}") = "CancerGov.TopicSearch", "CDESites\CancerGov\SiteSpecific\Modules\CancerGov.TopicSearch\CancerGov.TopicSearch.csproj", "{917C939E-6AA1-4FEE-8C35-6EC62974455B}"
EndProject
Project("{FAE04EC0-301F-11D3-BF4B-00C04F79EFBC}") = "CancerGov.Search.Endeca", "CDESites\CancerGov\SiteSpecific\Modules\CancerGov.Search.Endeca\CancerGov.Search.Endeca.csproj", "{4FD1D24F-D186-46FE-B44E-FA110AFE27FF}"
EndProject
Project("{2150E333-8FDC-42A3-9474-1A3956D46DE8}") = "CDR", "CDR", "{48CCF15F-4AFA-4E3E-B3F7-EB2AC920499C}"
EndProject
Project("{FAE04EC0-301F-11D3-BF4B-00C04F79EFBC}") = "CDR.TermDictionary", "CDESites\CancerGov\CDR.TermDictionary\CDR.TermDictionary.csproj", "{ADF8D268-685C-4444-9C9C-0BE6C4C1C492}"
EndProject
Project("{FAE04EC0-301F-11D3-BF4B-00C04F79EFBC}") = "CancerGovCommon", "CDESites\CancerGov\CancerGovCommon\CancerGovCommon.csproj", "{6F797B18-FF7E-4963-8E13-5EA26E910198}"
EndProject
Project("{2150E333-8FDC-42A3-9474-1A3956D46DE8}") = "EmergencyAlert", "EmergencyAlert", "{2A199C3D-5970-4CB9-AB3B-756B022635BD}"
EndProject
Project("{FAE04EC0-301F-11D3-BF4B-00C04F79EFBC}") = "EmergencyAlert", "CDESites\CancerGov\EmergencyAlert\EmergencyAlert.csproj", "{2ED8F4D6-9A1D-4109-8F37-6D407C674184}"
EndProject
Project("{2150E333-8FDC-42A3-9474-1A3956D46DE8}") = "PresentationClasses", "PresentationClasses", "{B28E6E81-60DB-4A40-804F-7474AB0CBFBC}"
EndProject
Project("{FAE04EC0-301F-11D3-BF4B-00C04F79EFBC}") = "PresentationClasses", "CDESites\CancerGov\PresentationClasses\PresentationClasses.csproj", "{B6BAC183-15A2-44A8-85BA-A1F917308548}"
EndProject
Project("{FAE04EC0-301F-11D3-BF4B-00C04F79EFBC}") = "CDR.ClinicalTrials", "CDESites\CancerGov\CDR.ClinicalTrials\CDR.ClinicalTrials.csproj", "{D4DF1240-9E40-409F-B927-E160191E2381}"
EndProject
Project("{FAE04EC0-301F-11D3-BF4B-00C04F79EFBC}") = "CDR.DataManager", "CDESites\CancerGov\CDR.DataManager\CDR.DataManager.csproj", "{BD37ACFC-049C-4807-93CC-1A3BFA25F11A}"
EndProject
Project("{FAE04EC0-301F-11D3-BF4B-00C04F79EFBC}") = "CDR.DrugDictionary", "CDESites\CancerGov\CDR.DrugDictionary\CDR.DrugDictionary.csproj", "{1F48A070-CA42-46D7-8C14-1CBE11609F4F}"
EndProject
Project("{FAE04EC0-301F-11D3-BF4B-00C04F79EFBC}") = "ClinicalTrialControls", "CDESites\CancerGov\CancerGovSpecific\ClinicalTrialControls\ClinicalTrialControls.csproj", "{2FDF38AF-E70B-485F-86B9-A32948AC8926}"
EndProject
Project("{2150E333-8FDC-42A3-9474-1A3956D46DE8}") = "HttpHandlers", "HttpHandlers", "{A9032A0C-6CD6-4D20-AF1E-EC6B55613DD0}"
EndProject
Project("{FAE04EC0-301F-11D3-BF4B-00C04F79EFBC}") = "CancerGov.Handlers", "CDESites\CancerGov\CancerGovSpecific\CancerGov.Handlers\CancerGov.Handlers.csproj", "{F3414554-93F7-4116-88B2-637A3ABA050E}"
EndProject
Project("{FAE04EC0-301F-11D3-BF4B-00C04F79EFBC}") = "CancerGov.DataManager", "CDESites\CancerGov\CancerGovSpecific\CancerGov.DataManager\CancerGov.DataManager.csproj", "{F2CB1924-487F-4756-BAC1-719C5CF97368}"
EndProject
Project("{FAE04EC0-301F-11D3-BF4B-00C04F79EFBC}") = "CDR.Common", "CDESites\CancerGov\CDR.Common\CDR.Common.csproj", "{0614DB16-1CB1-40E7-BAE8-112E3A290331}"
EndProject
Project("{FAE04EC0-301F-11D3-BF4B-00C04F79EFBC}") = "CDR.Summary", "CDESites\CancerGov\CDR.Summary\CDR.Summary.csproj", "{32A3E812-40FA-49F5-8B7A-962AAAE8E2EE}"
EndProject
Project("{FAE04EC0-301F-11D3-BF4B-00C04F79EFBC}") = "CDR.DrugInformationSummary", "CDESites\CancerGov\CDR.DrugInformationSummary\CDR.DrugInformationSummary.csproj", "{9F0C47FE-B1FC-4C82-8FAC-89400CBC3830}"
EndProject
Project("{2150E333-8FDC-42A3-9474-1A3956D46DE8}") = "HttpModules", "HttpModules", "{27C2794D-6E78-4A0E-8B8C-ACBE5F58D7D3}"
EndProject
Project("{FAE04EC0-301F-11D3-BF4B-00C04F79EFBC}") = "CancerGov.Modules", "CDESites\CancerGov\CancerGovSpecific\CancerGov.Modules\CancerGov.Modules.csproj", "{7634C4C2-6EC8-45D4-A423-7B53B15BDD9E}"
EndProject
Project("{FAE04EC0-301F-11D3-BF4B-00C04F79EFBC}") = "NCILibrary.Search", "CDEFramework\Libraries\NCILibrary\Code\NCILibrary.Search\NCILibrary.Search.csproj", "{8962B50C-E3A9-4F0A-9E48-7008C40247CD}"
EndProject
Project("{FAE04EC0-301F-11D3-BF4B-00C04F79EFBC}") = "NCILibrary.Search.Endeca", "CDEFramework\Libraries\NCILibrary\Code\NCILibrary.Search.Endeca\NCILibrary.Search.Endeca.csproj", "{4A2B4CEC-E86D-4DB2-B3FB-22CFA0DD6F26}"
EndProject
Project("{FAE04EC0-301F-11D3-BF4B-00C04F79EFBC}") = "NCILibrary.TestingTools", "CDEFramework\Libraries\NCILibrary\Code\NCILibrary.TestingTools\NCILibrary.TestingTools.csproj", "{364BC997-48F1-450A-9751-8252FD5EBD78}"
EndProject
Project("{FAE04EC0-301F-11D3-BF4B-00C04F79EFBC}") = "NCILibrary.Web.Authentication.SimpleSSOAuthModule", "CDEFramework\Libraries\NCILibrary\Code\NCILibrary.Web.Authentication.SimpleSSOAuthModule\NCILibrary.Web.Authentication.SimpleSSOAuthModule.csproj", "{A1D2B942-13AE-422C-906C-B771CE858E01}"
EndProject
Project("{FAE04EC0-301F-11D3-BF4B-00C04F79EFBC}") = "NCILibrary.Web.UI.Icons", "CDEFramework\Libraries\NCILibrary\Code\NCILibrary.Web.UI.Icons\NCILibrary.Web.UI.Icons.csproj", "{8F039727-466F-4BE5-95A3-7CB85B2638C1}"
EndProject
Project("{FAE04EC0-301F-11D3-BF4B-00C04F79EFBC}") = "NCILibrary.Web.UI.WebControls", "CDEFramework\Libraries\NCILibrary\Code\NCILibrary.Web.UI.WebControls\NCILibrary.Web.UI.WebControls.csproj", "{5ADEF930-6ED8-485E-83DB-A9E14A4182F6}"
EndProject
Project("{FAE04EC0-301F-11D3-BF4B-00C04F79EFBC}") = "NCILibrary.Web.CDE", "CDEFramework\Libraries\NCILibrary\Code\NCILibrary.Web.CDE\NCILibrary.Web.CDE.csproj", "{EEE51BA0-18AE-4CF2-876F-7E75B5A2D1FF}"
EndProject
Project("{FAE04EC0-301F-11D3-BF4B-00C04F79EFBC}") = "NCILibrary.Core", "CDEFramework\Libraries\NCILibrary\Code\NCILibrary.Core\NCILibrary.Core.csproj", "{898FF17C-C94A-4D85-8AAD-88764B72CFAE}"
EndProject
Project("{FAE04EC0-301F-11D3-BF4B-00C04F79EFBC}") = "NCILibrary.Web.CDE.UI", "CDEFramework\Libraries\NCILibrary\Code\NCILibrary.Web.CDE.UI\NCILibrary.Web.CDE.UI.csproj", "{AAFA2F86-D3F3-4224-A13E-BA6209A4EBAD}"
EndProject
Project("{FAE04EC0-301F-11D3-BF4B-00C04F79EFBC}") = "NCILibrary.DataManager", "CDEFramework\Libraries\NCILibrary\Code\NCILibrary.DataManager\NCILibrary.DataManager.csproj", "{F4C37116-861A-4FD6-B45D-578B258FEFC7}"
EndProject
Project("{FAE04EC0-301F-11D3-BF4B-00C04F79EFBC}") = "NCILibrary.Web.CDE.UI.Modules", "CDEFramework\Libraries\NCILibrary\Code\NCILibrary.Modules.Search\NCILibrary.Web.CDE.UI.Modules.csproj", "{680B6841-020D-46DE-BFBB-FC38ACA2EF82}"
EndProject
Project("{4F174C21-8C12-11D0-8340-0000F80270F8}") = "CancerGov.Database", "CDESites\CancerGov\CancerGovSpecific\CancerGov.Database\CancerGov.Database.dbp", "{3783A981-124D-4C58-B7D5-7DC80296E0CB}"
EndProject
Project("{FAE04EC0-301F-11D3-BF4B-00C04F79EFBC}") = "NCILibrary.Core.Tests", "CDEFramework\Libraries\NCILibrary\UnitTests\NCILibrary.Core.Tests\NCILibrary.Core.Tests.csproj", "{7A18A1E2-2B09-43CE-8A88-F96A818083FD}"
EndProject
Project("{FAE04EC0-301F-11D3-BF4B-00C04F79EFBC}") = "NCILibrary.Web.CDE.Test", "CDEFramework\Libraries\NCILibrary\UnitTests\NCILibrary.Web.CDE.Test\NCILibrary.Web.CDE.Test.csproj", "{23CB2B33-1ADA-45BB-A900-C59C69FB6DA6}"
EndProject
Project("{FAE04EC0-301F-11D3-BF4B-00C04F79EFBC}") = "CancerGov.Web", "CDESites\CancerGov\SiteSpecific\CancerGov.Web\CancerGov.Web.csproj", "{2E572059-B868-45B5-AD56-DB8687EF4DD6}"
EndProject
Project("{FAE04EC0-301F-11D3-BF4B-00C04F79EFBC}") = "CancerGov.Search.AutoSuggest", "CDESites\CancerGov\SiteSpecific\Modules\CancerGov.Search.AutoSuggest\CancerGov.Search.AutoSuggest.csproj", "{C5FC8889-2A67-4E7E-9E5A-90A7707F3874}"
EndProject
Project("{FAE04EC0-301F-11D3-BF4B-00C04F79EFBC}") = "NCILibrary.Web", "CDEFramework\Libraries\NCILibrary\Code\NCILibrary.Web\NCILibrary.Web.csproj", "{1FA9B9C2-0E20-4256-A00B-989B33154EBB}"
EndProject
Project("{FAE04EC0-301F-11D3-BF4B-00C04F79EFBC}") = "DCEG.Web", "CDESites\DCEG\SiteSpecific\DCEG.Web\DCEG.Web.csproj", "{5AF3E5C9-B4B8-41FC-8BD1-676477D6C41F}"
EndProject
Project("{FAE04EC0-301F-11D3-BF4B-00C04F79EFBC}") = "CCOP.Web", "CDESites\CCOP\SiteSpecific\CCOP.Web\CCOP.Web.csproj", "{7C58CE0A-A715-4CAB-A065-7A14E2D7D3F2}"
EndProject
Project("{FAE04EC0-301F-11D3-BF4B-00C04F79EFBC}") = "Imaging.Web", "CDESites\Imaging\SiteSpecific\Imaging.Web\Imaging.Web.csproj", "{FF743746-20E8-49EC-AFF5-1545E43D944A}"
EndProject
Project("{FAE04EC0-301F-11D3-BF4B-00C04F79EFBC}") = "MobileCancerGov.Web", "CDESites\MobileCancerGov\SiteSpecific\MobileCancerGov.Web\MobileCancerGov.Web.csproj", "{85C3C6DF-ED06-4BE2-AC85-67E8F3FCF9CA}"
EndProject
Project("{FAE04EC0-301F-11D3-BF4B-00C04F79EFBC}") = "Proteomics.Web", "CDESites\Proteomics\SiteSpecific\Proteomics.Web\Proteomics.Web.csproj", "{0F8619A2-7175-4279-9E33-8491BCD5C50B}"
EndProject
Project("{FAE04EC0-301F-11D3-BF4B-00C04F79EFBC}") = "TCGA.Web", "CDESites\TCGA\SiteSpecific\TCGA.Web\TCGA.Web.csproj", "{1F72F00E-694F-4110-B356-91668F181653}"
EndProject
Project("{FAE04EC0-301F-11D3-BF4B-00C04F79EFBC}") = "CancerGov.Web.UI", "CDESites\CancerGov\SiteSpecific\Modules\CancerGov.Web.UI\CancerGov.Web.UI.csproj", "{FF201258-189F-4EAF-B282-03FE7738A155}"
EndProject
Project("{FAE04EC0-301F-11D3-BF4B-00C04F79EFBC}") = "LegacyCTSResultRedirector", "CDESites\CancerGov\SiteSpecific\Modules\LegacyCTSResultRedirector\LegacyCTSResultRedirector.csproj", "{2998FE53-18DD-4B27-A7AC-33BE692BAD61}"
EndProject
Project("{FAE04EC0-301F-11D3-BF4B-00C04F79EFBC}") = "NCILibrary.Services.Dictionary", "CDEFramework\Libraries\NCILibrary\Code\NCILibrary.Services.Dictionary\NCILibrary.Services.Dictionary.csproj", "{7730D2CE-E504-49F9-AAAC-20B76FB8C618}"
EndProject
Global
	GlobalSection(SolutionConfigurationPlatforms) = preSolution
		Debug|Any CPU = Debug|Any CPU
		Release|Any CPU = Release|Any CPU
	EndGlobalSection
	GlobalSection(ProjectConfigurationPlatforms) = postSolution
		{917C939E-6AA1-4FEE-8C35-6EC62974455B}.Debug|Any CPU.ActiveCfg = Debug|Any CPU
		{917C939E-6AA1-4FEE-8C35-6EC62974455B}.Debug|Any CPU.Build.0 = Debug|Any CPU
		{917C939E-6AA1-4FEE-8C35-6EC62974455B}.Release|Any CPU.ActiveCfg = Release|Any CPU
		{917C939E-6AA1-4FEE-8C35-6EC62974455B}.Release|Any CPU.Build.0 = Release|Any CPU
		{4FD1D24F-D186-46FE-B44E-FA110AFE27FF}.Debug|Any CPU.ActiveCfg = Debug|Any CPU
		{4FD1D24F-D186-46FE-B44E-FA110AFE27FF}.Debug|Any CPU.Build.0 = Debug|Any CPU
		{4FD1D24F-D186-46FE-B44E-FA110AFE27FF}.Release|Any CPU.ActiveCfg = Release|Any CPU
		{4FD1D24F-D186-46FE-B44E-FA110AFE27FF}.Release|Any CPU.Build.0 = Release|Any CPU
		{ADF8D268-685C-4444-9C9C-0BE6C4C1C492}.Debug|Any CPU.ActiveCfg = Debug|Any CPU
		{ADF8D268-685C-4444-9C9C-0BE6C4C1C492}.Debug|Any CPU.Build.0 = Debug|Any CPU
		{ADF8D268-685C-4444-9C9C-0BE6C4C1C492}.Release|Any CPU.ActiveCfg = Release|Any CPU
		{ADF8D268-685C-4444-9C9C-0BE6C4C1C492}.Release|Any CPU.Build.0 = Release|Any CPU
		{6F797B18-FF7E-4963-8E13-5EA26E910198}.Debug|Any CPU.ActiveCfg = Debug|Any CPU
		{6F797B18-FF7E-4963-8E13-5EA26E910198}.Debug|Any CPU.Build.0 = Debug|Any CPU
		{6F797B18-FF7E-4963-8E13-5EA26E910198}.Release|Any CPU.ActiveCfg = Release|Any CPU
		{6F797B18-FF7E-4963-8E13-5EA26E910198}.Release|Any CPU.Build.0 = Release|Any CPU
		{2ED8F4D6-9A1D-4109-8F37-6D407C674184}.Debug|Any CPU.ActiveCfg = Debug|Any CPU
		{2ED8F4D6-9A1D-4109-8F37-6D407C674184}.Debug|Any CPU.Build.0 = Debug|Any CPU
		{2ED8F4D6-9A1D-4109-8F37-6D407C674184}.Release|Any CPU.ActiveCfg = Release|Any CPU
		{2ED8F4D6-9A1D-4109-8F37-6D407C674184}.Release|Any CPU.Build.0 = Release|Any CPU
		{B6BAC183-15A2-44A8-85BA-A1F917308548}.Debug|Any CPU.ActiveCfg = Debug|Any CPU
		{B6BAC183-15A2-44A8-85BA-A1F917308548}.Debug|Any CPU.Build.0 = Debug|Any CPU
		{B6BAC183-15A2-44A8-85BA-A1F917308548}.Release|Any CPU.ActiveCfg = Release|Any CPU
		{B6BAC183-15A2-44A8-85BA-A1F917308548}.Release|Any CPU.Build.0 = Release|Any CPU
		{D4DF1240-9E40-409F-B927-E160191E2381}.Debug|Any CPU.ActiveCfg = Debug|Any CPU
		{D4DF1240-9E40-409F-B927-E160191E2381}.Debug|Any CPU.Build.0 = Debug|Any CPU
		{D4DF1240-9E40-409F-B927-E160191E2381}.Release|Any CPU.ActiveCfg = Release|Any CPU
		{D4DF1240-9E40-409F-B927-E160191E2381}.Release|Any CPU.Build.0 = Release|Any CPU
		{BD37ACFC-049C-4807-93CC-1A3BFA25F11A}.Debug|Any CPU.ActiveCfg = Debug|Any CPU
		{BD37ACFC-049C-4807-93CC-1A3BFA25F11A}.Debug|Any CPU.Build.0 = Debug|Any CPU
		{BD37ACFC-049C-4807-93CC-1A3BFA25F11A}.Release|Any CPU.ActiveCfg = Release|Any CPU
		{BD37ACFC-049C-4807-93CC-1A3BFA25F11A}.Release|Any CPU.Build.0 = Release|Any CPU
		{1F48A070-CA42-46D7-8C14-1CBE11609F4F}.Debug|Any CPU.ActiveCfg = Debug|Any CPU
		{1F48A070-CA42-46D7-8C14-1CBE11609F4F}.Debug|Any CPU.Build.0 = Debug|Any CPU
		{1F48A070-CA42-46D7-8C14-1CBE11609F4F}.Release|Any CPU.ActiveCfg = Release|Any CPU
		{1F48A070-CA42-46D7-8C14-1CBE11609F4F}.Release|Any CPU.Build.0 = Release|Any CPU
		{2FDF38AF-E70B-485F-86B9-A32948AC8926}.Debug|Any CPU.ActiveCfg = Debug|Any CPU
		{2FDF38AF-E70B-485F-86B9-A32948AC8926}.Debug|Any CPU.Build.0 = Debug|Any CPU
		{2FDF38AF-E70B-485F-86B9-A32948AC8926}.Release|Any CPU.ActiveCfg = Release|Any CPU
		{2FDF38AF-E70B-485F-86B9-A32948AC8926}.Release|Any CPU.Build.0 = Release|Any CPU
		{F3414554-93F7-4116-88B2-637A3ABA050E}.Debug|Any CPU.ActiveCfg = Debug|Any CPU
		{F3414554-93F7-4116-88B2-637A3ABA050E}.Debug|Any CPU.Build.0 = Debug|Any CPU
		{F3414554-93F7-4116-88B2-637A3ABA050E}.Release|Any CPU.ActiveCfg = Release|Any CPU
		{F3414554-93F7-4116-88B2-637A3ABA050E}.Release|Any CPU.Build.0 = Release|Any CPU
		{F2CB1924-487F-4756-BAC1-719C5CF97368}.Debug|Any CPU.ActiveCfg = Debug|Any CPU
		{F2CB1924-487F-4756-BAC1-719C5CF97368}.Debug|Any CPU.Build.0 = Debug|Any CPU
		{F2CB1924-487F-4756-BAC1-719C5CF97368}.Release|Any CPU.ActiveCfg = Release|Any CPU
		{F2CB1924-487F-4756-BAC1-719C5CF97368}.Release|Any CPU.Build.0 = Release|Any CPU
		{0614DB16-1CB1-40E7-BAE8-112E3A290331}.Debug|Any CPU.ActiveCfg = Debug|Any CPU
		{0614DB16-1CB1-40E7-BAE8-112E3A290331}.Debug|Any CPU.Build.0 = Debug|Any CPU
		{0614DB16-1CB1-40E7-BAE8-112E3A290331}.Release|Any CPU.ActiveCfg = Release|Any CPU
		{0614DB16-1CB1-40E7-BAE8-112E3A290331}.Release|Any CPU.Build.0 = Release|Any CPU
		{32A3E812-40FA-49F5-8B7A-962AAAE8E2EE}.Debug|Any CPU.ActiveCfg = Debug|Any CPU
		{32A3E812-40FA-49F5-8B7A-962AAAE8E2EE}.Debug|Any CPU.Build.0 = Debug|Any CPU
		{32A3E812-40FA-49F5-8B7A-962AAAE8E2EE}.Release|Any CPU.ActiveCfg = Release|Any CPU
		{32A3E812-40FA-49F5-8B7A-962AAAE8E2EE}.Release|Any CPU.Build.0 = Release|Any CPU
		{9F0C47FE-B1FC-4C82-8FAC-89400CBC3830}.Debug|Any CPU.ActiveCfg = Debug|Any CPU
		{9F0C47FE-B1FC-4C82-8FAC-89400CBC3830}.Debug|Any CPU.Build.0 = Debug|Any CPU
		{9F0C47FE-B1FC-4C82-8FAC-89400CBC3830}.Release|Any CPU.ActiveCfg = Release|Any CPU
		{9F0C47FE-B1FC-4C82-8FAC-89400CBC3830}.Release|Any CPU.Build.0 = Release|Any CPU
		{7634C4C2-6EC8-45D4-A423-7B53B15BDD9E}.Debug|Any CPU.ActiveCfg = Debug|Any CPU
		{7634C4C2-6EC8-45D4-A423-7B53B15BDD9E}.Debug|Any CPU.Build.0 = Debug|Any CPU
		{7634C4C2-6EC8-45D4-A423-7B53B15BDD9E}.Release|Any CPU.ActiveCfg = Release|Any CPU
		{7634C4C2-6EC8-45D4-A423-7B53B15BDD9E}.Release|Any CPU.Build.0 = Release|Any CPU
		{8962B50C-E3A9-4F0A-9E48-7008C40247CD}.Debug|Any CPU.ActiveCfg = Debug|Any CPU
		{8962B50C-E3A9-4F0A-9E48-7008C40247CD}.Debug|Any CPU.Build.0 = Debug|Any CPU
		{8962B50C-E3A9-4F0A-9E48-7008C40247CD}.Release|Any CPU.ActiveCfg = Release|Any CPU
		{8962B50C-E3A9-4F0A-9E48-7008C40247CD}.Release|Any CPU.Build.0 = Release|Any CPU
		{4A2B4CEC-E86D-4DB2-B3FB-22CFA0DD6F26}.Debug|Any CPU.ActiveCfg = Debug|Any CPU
		{4A2B4CEC-E86D-4DB2-B3FB-22CFA0DD6F26}.Debug|Any CPU.Build.0 = Debug|Any CPU
		{4A2B4CEC-E86D-4DB2-B3FB-22CFA0DD6F26}.Release|Any CPU.ActiveCfg = Release|Any CPU
		{4A2B4CEC-E86D-4DB2-B3FB-22CFA0DD6F26}.Release|Any CPU.Build.0 = Release|Any CPU
		{364BC997-48F1-450A-9751-8252FD5EBD78}.Debug|Any CPU.ActiveCfg = Debug|Any CPU
		{364BC997-48F1-450A-9751-8252FD5EBD78}.Debug|Any CPU.Build.0 = Debug|Any CPU
		{364BC997-48F1-450A-9751-8252FD5EBD78}.Release|Any CPU.ActiveCfg = Release|Any CPU
		{364BC997-48F1-450A-9751-8252FD5EBD78}.Release|Any CPU.Build.0 = Release|Any CPU
		{A1D2B942-13AE-422C-906C-B771CE858E01}.Debug|Any CPU.ActiveCfg = Debug|Any CPU
		{A1D2B942-13AE-422C-906C-B771CE858E01}.Debug|Any CPU.Build.0 = Debug|Any CPU
		{A1D2B942-13AE-422C-906C-B771CE858E01}.Release|Any CPU.ActiveCfg = Release|Any CPU
		{A1D2B942-13AE-422C-906C-B771CE858E01}.Release|Any CPU.Build.0 = Release|Any CPU
		{8F039727-466F-4BE5-95A3-7CB85B2638C1}.Debug|Any CPU.ActiveCfg = Debug|Any CPU
		{8F039727-466F-4BE5-95A3-7CB85B2638C1}.Debug|Any CPU.Build.0 = Debug|Any CPU
		{8F039727-466F-4BE5-95A3-7CB85B2638C1}.Release|Any CPU.ActiveCfg = Release|Any CPU
		{8F039727-466F-4BE5-95A3-7CB85B2638C1}.Release|Any CPU.Build.0 = Release|Any CPU
		{5ADEF930-6ED8-485E-83DB-A9E14A4182F6}.Debug|Any CPU.ActiveCfg = Debug|Any CPU
		{5ADEF930-6ED8-485E-83DB-A9E14A4182F6}.Debug|Any CPU.Build.0 = Debug|Any CPU
		{5ADEF930-6ED8-485E-83DB-A9E14A4182F6}.Release|Any CPU.ActiveCfg = Release|Any CPU
		{5ADEF930-6ED8-485E-83DB-A9E14A4182F6}.Release|Any CPU.Build.0 = Release|Any CPU
		{EEE51BA0-18AE-4CF2-876F-7E75B5A2D1FF}.Debug|Any CPU.ActiveCfg = Debug|Any CPU
		{EEE51BA0-18AE-4CF2-876F-7E75B5A2D1FF}.Debug|Any CPU.Build.0 = Debug|Any CPU
		{EEE51BA0-18AE-4CF2-876F-7E75B5A2D1FF}.Release|Any CPU.ActiveCfg = Release|Any CPU
		{EEE51BA0-18AE-4CF2-876F-7E75B5A2D1FF}.Release|Any CPU.Build.0 = Release|Any CPU
		{898FF17C-C94A-4D85-8AAD-88764B72CFAE}.Debug|Any CPU.ActiveCfg = Debug|Any CPU
		{898FF17C-C94A-4D85-8AAD-88764B72CFAE}.Debug|Any CPU.Build.0 = Debug|Any CPU
		{898FF17C-C94A-4D85-8AAD-88764B72CFAE}.Release|Any CPU.ActiveCfg = Release|Any CPU
		{898FF17C-C94A-4D85-8AAD-88764B72CFAE}.Release|Any CPU.Build.0 = Release|Any CPU
		{AAFA2F86-D3F3-4224-A13E-BA6209A4EBAD}.Debug|Any CPU.ActiveCfg = Debug|Any CPU
		{AAFA2F86-D3F3-4224-A13E-BA6209A4EBAD}.Debug|Any CPU.Build.0 = Debug|Any CPU
		{AAFA2F86-D3F3-4224-A13E-BA6209A4EBAD}.Release|Any CPU.ActiveCfg = Release|Any CPU
		{AAFA2F86-D3F3-4224-A13E-BA6209A4EBAD}.Release|Any CPU.Build.0 = Release|Any CPU
		{F4C37116-861A-4FD6-B45D-578B258FEFC7}.Debug|Any CPU.ActiveCfg = Debug|Any CPU
		{F4C37116-861A-4FD6-B45D-578B258FEFC7}.Debug|Any CPU.Build.0 = Debug|Any CPU
		{F4C37116-861A-4FD6-B45D-578B258FEFC7}.Release|Any CPU.ActiveCfg = Release|Any CPU
		{F4C37116-861A-4FD6-B45D-578B258FEFC7}.Release|Any CPU.Build.0 = Release|Any CPU
		{680B6841-020D-46DE-BFBB-FC38ACA2EF82}.Debug|Any CPU.ActiveCfg = Debug|Any CPU
		{680B6841-020D-46DE-BFBB-FC38ACA2EF82}.Debug|Any CPU.Build.0 = Debug|Any CPU
		{680B6841-020D-46DE-BFBB-FC38ACA2EF82}.Release|Any CPU.ActiveCfg = Release|Any CPU
		{680B6841-020D-46DE-BFBB-FC38ACA2EF82}.Release|Any CPU.Build.0 = Release|Any CPU
		{7A18A1E2-2B09-43CE-8A88-F96A818083FD}.Debug|Any CPU.ActiveCfg = Debug|Any CPU
		{7A18A1E2-2B09-43CE-8A88-F96A818083FD}.Debug|Any CPU.Build.0 = Debug|Any CPU
		{7A18A1E2-2B09-43CE-8A88-F96A818083FD}.Release|Any CPU.ActiveCfg = Release|Any CPU
		{7A18A1E2-2B09-43CE-8A88-F96A818083FD}.Release|Any CPU.Build.0 = Release|Any CPU
		{23CB2B33-1ADA-45BB-A900-C59C69FB6DA6}.Debug|Any CPU.ActiveCfg = Debug|Any CPU
		{23CB2B33-1ADA-45BB-A900-C59C69FB6DA6}.Debug|Any CPU.Build.0 = Debug|Any CPU
		{23CB2B33-1ADA-45BB-A900-C59C69FB6DA6}.Release|Any CPU.ActiveCfg = Release|Any CPU
		{23CB2B33-1ADA-45BB-A900-C59C69FB6DA6}.Release|Any CPU.Build.0 = Release|Any CPU
		{2E572059-B868-45B5-AD56-DB8687EF4DD6}.Debug|Any CPU.ActiveCfg = Debug|Any CPU
		{2E572059-B868-45B5-AD56-DB8687EF4DD6}.Debug|Any CPU.Build.0 = Debug|Any CPU
		{2E572059-B868-45B5-AD56-DB8687EF4DD6}.Release|Any CPU.ActiveCfg = Release|Any CPU
		{2E572059-B868-45B5-AD56-DB8687EF4DD6}.Release|Any CPU.Build.0 = Release|Any CPU
		{C5FC8889-2A67-4E7E-9E5A-90A7707F3874}.Debug|Any CPU.ActiveCfg = Debug|Any CPU
		{C5FC8889-2A67-4E7E-9E5A-90A7707F3874}.Debug|Any CPU.Build.0 = Debug|Any CPU
		{C5FC8889-2A67-4E7E-9E5A-90A7707F3874}.Release|Any CPU.ActiveCfg = Release|Any CPU
		{C5FC8889-2A67-4E7E-9E5A-90A7707F3874}.Release|Any CPU.Build.0 = Release|Any CPU
		{1FA9B9C2-0E20-4256-A00B-989B33154EBB}.Debug|Any CPU.ActiveCfg = Debug|Any CPU
		{1FA9B9C2-0E20-4256-A00B-989B33154EBB}.Debug|Any CPU.Build.0 = Debug|Any CPU
		{1FA9B9C2-0E20-4256-A00B-989B33154EBB}.Release|Any CPU.ActiveCfg = Release|Any CPU
		{1FA9B9C2-0E20-4256-A00B-989B33154EBB}.Release|Any CPU.Build.0 = Release|Any CPU
		{5AF3E5C9-B4B8-41FC-8BD1-676477D6C41F}.Debug|Any CPU.ActiveCfg = Debug|Any CPU
		{5AF3E5C9-B4B8-41FC-8BD1-676477D6C41F}.Debug|Any CPU.Build.0 = Debug|Any CPU
		{5AF3E5C9-B4B8-41FC-8BD1-676477D6C41F}.Release|Any CPU.ActiveCfg = Release|Any CPU
		{5AF3E5C9-B4B8-41FC-8BD1-676477D6C41F}.Release|Any CPU.Build.0 = Release|Any CPU
		{7C58CE0A-A715-4CAB-A065-7A14E2D7D3F2}.Debug|Any CPU.ActiveCfg = Debug|Any CPU
		{7C58CE0A-A715-4CAB-A065-7A14E2D7D3F2}.Debug|Any CPU.Build.0 = Debug|Any CPU
		{7C58CE0A-A715-4CAB-A065-7A14E2D7D3F2}.Release|Any CPU.ActiveCfg = Release|Any CPU
		{7C58CE0A-A715-4CAB-A065-7A14E2D7D3F2}.Release|Any CPU.Build.0 = Release|Any CPU
		{FF743746-20E8-49EC-AFF5-1545E43D944A}.Debug|Any CPU.ActiveCfg = Debug|Any CPU
		{FF743746-20E8-49EC-AFF5-1545E43D944A}.Debug|Any CPU.Build.0 = Debug|Any CPU
		{FF743746-20E8-49EC-AFF5-1545E43D944A}.Release|Any CPU.ActiveCfg = Release|Any CPU
		{FF743746-20E8-49EC-AFF5-1545E43D944A}.Release|Any CPU.Build.0 = Release|Any CPU
		{85C3C6DF-ED06-4BE2-AC85-67E8F3FCF9CA}.Debug|Any CPU.ActiveCfg = Debug|Any CPU
		{85C3C6DF-ED06-4BE2-AC85-67E8F3FCF9CA}.Debug|Any CPU.Build.0 = Debug|Any CPU
		{85C3C6DF-ED06-4BE2-AC85-67E8F3FCF9CA}.Release|Any CPU.ActiveCfg = Release|Any CPU
		{85C3C6DF-ED06-4BE2-AC85-67E8F3FCF9CA}.Release|Any CPU.Build.0 = Release|Any CPU
		{0F8619A2-7175-4279-9E33-8491BCD5C50B}.Debug|Any CPU.ActiveCfg = Debug|Any CPU
		{0F8619A2-7175-4279-9E33-8491BCD5C50B}.Debug|Any CPU.Build.0 = Debug|Any CPU
		{0F8619A2-7175-4279-9E33-8491BCD5C50B}.Release|Any CPU.ActiveCfg = Release|Any CPU
		{0F8619A2-7175-4279-9E33-8491BCD5C50B}.Release|Any CPU.Build.0 = Release|Any CPU
		{1F72F00E-694F-4110-B356-91668F181653}.Debug|Any CPU.ActiveCfg = Debug|Any CPU
		{1F72F00E-694F-4110-B356-91668F181653}.Debug|Any CPU.Build.0 = Debug|Any CPU
		{1F72F00E-694F-4110-B356-91668F181653}.Release|Any CPU.ActiveCfg = Release|Any CPU
		{1F72F00E-694F-4110-B356-91668F181653}.Release|Any CPU.Build.0 = Release|Any CPU
		{FF201258-189F-4EAF-B282-03FE7738A155}.Debug|Any CPU.ActiveCfg = Debug|Any CPU
		{FF201258-189F-4EAF-B282-03FE7738A155}.Debug|Any CPU.Build.0 = Debug|Any CPU
		{FF201258-189F-4EAF-B282-03FE7738A155}.Release|Any CPU.ActiveCfg = Release|Any CPU
		{FF201258-189F-4EAF-B282-03FE7738A155}.Release|Any CPU.Build.0 = Release|Any CPU
		{2998FE53-18DD-4B27-A7AC-33BE692BAD61}.Debug|Any CPU.ActiveCfg = Debug|Any CPU
		{2998FE53-18DD-4B27-A7AC-33BE692BAD61}.Debug|Any CPU.Build.0 = Debug|Any CPU
		{2998FE53-18DD-4B27-A7AC-33BE692BAD61}.Release|Any CPU.ActiveCfg = Release|Any CPU
		{2998FE53-18DD-4B27-A7AC-33BE692BAD61}.Release|Any CPU.Build.0 = Release|Any CPU
		{7730D2CE-E504-49F9-AAAC-20B76FB8C618}.Debug|Any CPU.ActiveCfg = Debug|Any CPU
		{7730D2CE-E504-49F9-AAAC-20B76FB8C618}.Debug|Any CPU.Build.0 = Debug|Any CPU
		{7730D2CE-E504-49F9-AAAC-20B76FB8C618}.Release|Any CPU.ActiveCfg = Release|Any CPU
		{7730D2CE-E504-49F9-AAAC-20B76FB8C618}.Release|Any CPU.Build.0 = Release|Any CPU
	EndGlobalSection
	GlobalSection(SolutionProperties) = preSolution
		HideSolutionNode = FALSE
	EndGlobalSection
	GlobalSection(NestedProjects) = preSolution
		{8962B50C-E3A9-4F0A-9E48-7008C40247CD} = {5D9D8645-C846-43F9-B85C-043CD21225DB}
		{4A2B4CEC-E86D-4DB2-B3FB-22CFA0DD6F26} = {5D9D8645-C846-43F9-B85C-043CD21225DB}
		{364BC997-48F1-450A-9751-8252FD5EBD78} = {5D9D8645-C846-43F9-B85C-043CD21225DB}
		{A1D2B942-13AE-422C-906C-B771CE858E01} = {5D9D8645-C846-43F9-B85C-043CD21225DB}
		{8F039727-466F-4BE5-95A3-7CB85B2638C1} = {5D9D8645-C846-43F9-B85C-043CD21225DB}
		{5ADEF930-6ED8-485E-83DB-A9E14A4182F6} = {5D9D8645-C846-43F9-B85C-043CD21225DB}
		{EEE51BA0-18AE-4CF2-876F-7E75B5A2D1FF} = {5D9D8645-C846-43F9-B85C-043CD21225DB}
		{898FF17C-C94A-4D85-8AAD-88764B72CFAE} = {5D9D8645-C846-43F9-B85C-043CD21225DB}
		{AAFA2F86-D3F3-4224-A13E-BA6209A4EBAD} = {5D9D8645-C846-43F9-B85C-043CD21225DB}
		{F4C37116-861A-4FD6-B45D-578B258FEFC7} = {5D9D8645-C846-43F9-B85C-043CD21225DB}
		{680B6841-020D-46DE-BFBB-FC38ACA2EF82} = {5D9D8645-C846-43F9-B85C-043CD21225DB}
		{1FA9B9C2-0E20-4256-A00B-989B33154EBB} = {5D9D8645-C846-43F9-B85C-043CD21225DB}
		{7730D2CE-E504-49F9-AAAC-20B76FB8C618} = {5D9D8645-C846-43F9-B85C-043CD21225DB}
		{917C939E-6AA1-4FEE-8C35-6EC62974455B} = {9EAB6B68-85D5-4D4B-A699-C25A2113362D}
		{4FD1D24F-D186-46FE-B44E-FA110AFE27FF} = {9EAB6B68-85D5-4D4B-A699-C25A2113362D}
		{48CCF15F-4AFA-4E3E-B3F7-EB2AC920499C} = {9EAB6B68-85D5-4D4B-A699-C25A2113362D}
		{6F797B18-FF7E-4963-8E13-5EA26E910198} = {9EAB6B68-85D5-4D4B-A699-C25A2113362D}
		{B28E6E81-60DB-4A40-804F-7474AB0CBFBC} = {9EAB6B68-85D5-4D4B-A699-C25A2113362D}
		{2FDF38AF-E70B-485F-86B9-A32948AC8926} = {9EAB6B68-85D5-4D4B-A699-C25A2113362D}
		{A9032A0C-6CD6-4D20-AF1E-EC6B55613DD0} = {9EAB6B68-85D5-4D4B-A699-C25A2113362D}
		{F2CB1924-487F-4756-BAC1-719C5CF97368} = {9EAB6B68-85D5-4D4B-A699-C25A2113362D}
		{27C2794D-6E78-4A0E-8B8C-ACBE5F58D7D3} = {9EAB6B68-85D5-4D4B-A699-C25A2113362D}
		{3783A981-124D-4C58-B7D5-7DC80296E0CB} = {9EAB6B68-85D5-4D4B-A699-C25A2113362D}
		{C5FC8889-2A67-4E7E-9E5A-90A7707F3874} = {9EAB6B68-85D5-4D4B-A699-C25A2113362D}
		{FF201258-189F-4EAF-B282-03FE7738A155} = {9EAB6B68-85D5-4D4B-A699-C25A2113362D}
		{2998FE53-18DD-4B27-A7AC-33BE692BAD61} = {9EAB6B68-85D5-4D4B-A699-C25A2113362D}
		{ADF8D268-685C-4444-9C9C-0BE6C4C1C492} = {48CCF15F-4AFA-4E3E-B3F7-EB2AC920499C}
		{D4DF1240-9E40-409F-B927-E160191E2381} = {48CCF15F-4AFA-4E3E-B3F7-EB2AC920499C}
		{BD37ACFC-049C-4807-93CC-1A3BFA25F11A} = {48CCF15F-4AFA-4E3E-B3F7-EB2AC920499C}
		{1F48A070-CA42-46D7-8C14-1CBE11609F4F} = {48CCF15F-4AFA-4E3E-B3F7-EB2AC920499C}
		{0614DB16-1CB1-40E7-BAE8-112E3A290331} = {48CCF15F-4AFA-4E3E-B3F7-EB2AC920499C}
		{32A3E812-40FA-49F5-8B7A-962AAAE8E2EE} = {48CCF15F-4AFA-4E3E-B3F7-EB2AC920499C}
		{9F0C47FE-B1FC-4C82-8FAC-89400CBC3830} = {48CCF15F-4AFA-4E3E-B3F7-EB2AC920499C}
		{2ED8F4D6-9A1D-4109-8F37-6D407C674184} = {2A199C3D-5970-4CB9-AB3B-756B022635BD}
		{B6BAC183-15A2-44A8-85BA-A1F917308548} = {B28E6E81-60DB-4A40-804F-7474AB0CBFBC}
		{F3414554-93F7-4116-88B2-637A3ABA050E} = {A9032A0C-6CD6-4D20-AF1E-EC6B55613DD0}
		{7634C4C2-6EC8-45D4-A423-7B53B15BDD9E} = {27C2794D-6E78-4A0E-8B8C-ACBE5F58D7D3}
	EndGlobalSection
EndGlobal
