
Microsoft Visual Studio Solution File, Format Version 10.00
# Visual Studio 2008
Project("{FAE04EC0-301F-11D3-BF4B-00C04F79EFBC}") = "NCILibrary.Core", "CDEFramework\Libraries\NCILibrary\Code\NCILibrary.Core\NCILibrary.Core.csproj", "{898FF17C-C94A-4D85-8AAD-88764B72CFAE}"
EndProject
Project("{FAE04EC0-301F-11D3-BF4B-00C04F79EFBC}") = "NCILibrary.DataManager", "CDEFramework\Libraries\NCILibrary\Code\NCILibrary.DataManager\NCILibrary.DataManager.csproj", "{F4C37116-861A-4FD6-B45D-578B258FEFC7}"
EndProject
Project("{FAE04EC0-301F-11D3-BF4B-00C04F79EFBC}") = "NCILibrary.Web.CDE.UI.Modules", "CDEFramework\Libraries\NCILibrary\Code\NCILibrary.Modules.Search\NCILibrary.Web.CDE.UI.Modules.csproj", "{680B6841-020D-46DE-BFBB-FC38ACA2EF82}"
EndProject
Project("{FAE04EC0-301F-11D3-BF4B-00C04F79EFBC}") = "NCILibrary.Search", "CDEFramework\Libraries\NCILibrary\Code\NCILibrary.Search\NCILibrary.Search.csproj", "{8962B50C-E3A9-4F0A-9E48-7008C40247CD}"
EndProject
Project("{FAE04EC0-301F-11D3-BF4B-00C04F79EFBC}") = "NCILibrary.Search.Endeca", "CDEFramework\Libraries\NCILibrary\Code\NCILibrary.Search.Endeca\NCILibrary.Search.Endeca.csproj", "{4A2B4CEC-E86D-4DB2-B3FB-22CFA0DD6F26}"
EndProject
Project("{FAE04EC0-301F-11D3-BF4B-00C04F79EFBC}") = "NCILibrary.Web.CDE", "CDEFramework\Libraries\NCILibrary\Code\NCILibrary.Web.CDE\NCILibrary.Web.CDE.csproj", "{EEE51BA0-18AE-4CF2-876F-7E75B5A2D1FF}"
EndProject
Project("{FAE04EC0-301F-11D3-BF4B-00C04F79EFBC}") = "NCILibrary.Web.CDE.UI", "CDEFramework\Libraries\NCILibrary\Code\NCILibrary.Web.CDE.UI\NCILibrary.Web.CDE.UI.csproj", "{AAFA2F86-D3F3-4224-A13E-BA6209A4EBAD}"
EndProject
Project("{FAE04EC0-301F-11D3-BF4B-00C04F79EFBC}") = "NCILibrary.Web.UI.WebControls", "CDEFramework\Libraries\NCILibrary\Code\NCILibrary.Web.UI.WebControls\NCILibrary.Web.UI.WebControls.csproj", "{5ADEF930-6ED8-485E-83DB-A9E14A4182F6}"
EndProject
Project("{FAE04EC0-301F-11D3-BF4B-00C04F79EFBC}") = "Proteomics.Web", "CDESites\Proteomics\SiteSpecific\Proteomics.Web\Proteomics.Web.csproj", "{5AF3E5C9-B4B8-41FC-8BD1-676477D6C41F}"
EndProject
Global
	GlobalSection(SolutionConfigurationPlatforms) = preSolution
		Debug|Any CPU = Debug|Any CPU
		Release|Any CPU = Release|Any CPU
	EndGlobalSection
	GlobalSection(ProjectConfigurationPlatforms) = postSolution
		{898FF17C-C94A-4D85-8AAD-88764B72CFAE}.Debug|Any CPU.ActiveCfg = Debug|Any CPU
		{898FF17C-C94A-4D85-8AAD-88764B72CFAE}.Debug|Any CPU.Build.0 = Debug|Any CPU
		{898FF17C-C94A-4D85-8AAD-88764B72CFAE}.Release|Any CPU.ActiveCfg = Release|Any CPU
		{898FF17C-C94A-4D85-8AAD-88764B72CFAE}.Release|Any CPU.Build.0 = Release|Any CPU
		{F4C37116-861A-4FD6-B45D-578B258FEFC7}.Debug|Any CPU.ActiveCfg = Debug|Any CPU
		{F4C37116-861A-4FD6-B45D-578B258FEFC7}.Debug|Any CPU.Build.0 = Debug|Any CPU
		{F4C37116-861A-4FD6-B45D-578B258FEFC7}.Release|Any CPU.ActiveCfg = Release|Any CPU
		{F4C37116-861A-4FD6-B45D-578B258FEFC7}.Release|Any CPU.Build.0 = Release|Any CPU
		{680B6841-020D-46DE-BFBB-FC38ACA2EF82}.Debug|Any CPU.ActiveCfg = Debug|Any CPU
		{680B6841-020D-46DE-BFBB-FC38ACA2EF82}.Debug|Any CPU.Build.0 = Debug|Any CPU
		{680B6841-020D-46DE-BFBB-FC38ACA2EF82}.Release|Any CPU.ActiveCfg = Release|Any CPU
		{680B6841-020D-46DE-BFBB-FC38ACA2EF82}.Release|Any CPU.Build.0 = Release|Any CPU
		{8962B50C-E3A9-4F0A-9E48-7008C40247CD}.Debug|Any CPU.ActiveCfg = Debug|Any CPU
		{8962B50C-E3A9-4F0A-9E48-7008C40247CD}.Debug|Any CPU.Build.0 = Debug|Any CPU
		{8962B50C-E3A9-4F0A-9E48-7008C40247CD}.Release|Any CPU.ActiveCfg = Release|Any CPU
		{8962B50C-E3A9-4F0A-9E48-7008C40247CD}.Release|Any CPU.Build.0 = Release|Any CPU
		{4A2B4CEC-E86D-4DB2-B3FB-22CFA0DD6F26}.Debug|Any CPU.ActiveCfg = Debug|Any CPU
		{4A2B4CEC-E86D-4DB2-B3FB-22CFA0DD6F26}.Debug|Any CPU.Build.0 = Debug|Any CPU
		{4A2B4CEC-E86D-4DB2-B3FB-22CFA0DD6F26}.Release|Any CPU.ActiveCfg = Release|Any CPU
		{4A2B4CEC-E86D-4DB2-B3FB-22CFA0DD6F26}.Release|Any CPU.Build.0 = Release|Any CPU
		{EEE51BA0-18AE-4CF2-876F-7E75B5A2D1FF}.Debug|Any CPU.ActiveCfg = Debug|Any CPU
		{EEE51BA0-18AE-4CF2-876F-7E75B5A2D1FF}.Debug|Any CPU.Build.0 = Debug|Any CPU
		{EEE51BA0-18AE-4CF2-876F-7E75B5A2D1FF}.Release|Any CPU.ActiveCfg = Release|Any CPU
		{EEE51BA0-18AE-4CF2-876F-7E75B5A2D1FF}.Release|Any CPU.Build.0 = Release|Any CPU
		{AAFA2F86-D3F3-4224-A13E-BA6209A4EBAD}.Debug|Any CPU.ActiveCfg = Debug|Any CPU
		{AAFA2F86-D3F3-4224-A13E-BA6209A4EBAD}.Debug|Any CPU.Build.0 = Debug|Any CPU
		{AAFA2F86-D3F3-4224-A13E-BA6209A4EBAD}.Release|Any CPU.ActiveCfg = Release|Any CPU
		{AAFA2F86-D3F3-4224-A13E-BA6209A4EBAD}.Release|Any CPU.Build.0 = Release|Any CPU
		{5ADEF930-6ED8-485E-83DB-A9E14A4182F6}.Debug|Any CPU.ActiveCfg = Debug|Any CPU
		{5ADEF930-6ED8-485E-83DB-A9E14A4182F6}.Debug|Any CPU.Build.0 = Debug|Any CPU
		{5ADEF930-6ED8-485E-83DB-A9E14A4182F6}.Release|Any CPU.ActiveCfg = Release|Any CPU
		{5ADEF930-6ED8-485E-83DB-A9E14A4182F6}.Release|Any CPU.Build.0 = Release|Any CPU
		{5AF3E5C9-B4B8-41FC-8BD1-676477D6C41F}.Debug|Any CPU.ActiveCfg = Debug|Any CPU
		{5AF3E5C9-B4B8-41FC-8BD1-676477D6C41F}.Debug|Any CPU.Build.0 = Debug|Any CPU
		{5AF3E5C9-B4B8-41FC-8BD1-676477D6C41F}.Release|Any CPU.ActiveCfg = Release|Any CPU
		{5AF3E5C9-B4B8-41FC-8BD1-676477D6C41F}.Release|Any CPU.Build.0 = Release|Any CPU
	EndGlobalSection
	GlobalSection(SolutionProperties) = preSolution
		HideSolutionNode = FALSE
	EndGlobalSection
EndGlobal
