
Microsoft Visual Studio Solution File, Format Version 10.00
# Visual Studio 2008
Project("{2150E333-8FDC-42A3-9474-1A3956D46DE8}") = "NCILibrary", "NCILibrary", "{B06AAF96-852B-4321-879B-A2BC4FB5C699}"
EndProject
Project("{FAE04EC0-301F-11D3-BF4B-00C04F79EFBC}") = "NCILibrary.Core", "CDEFramework\Libraries\NCILibrary\Code\NCILibrary.Core\NCILibrary.Core.csproj", "{898FF17C-C94A-4D85-8AAD-88764B72CFAE}"
EndProject
Project("{FAE04EC0-301F-11D3-BF4B-00C04F79EFBC}") = "NCILibrary.DataManager", "CDEFramework\Libraries\NCILibrary\Code\NCILibrary.DataManager\NCILibrary.DataManager.csproj", "{F4C37116-861A-4FD6-B45D-578B258FEFC7}"
EndProject
Project("{FAE04EC0-301F-11D3-BF4B-00C04F79EFBC}") = "NCILibrary.Search", "CDEFramework\Libraries\NCILibrary\Code\NCILibrary.Search\NCILibrary.Search.csproj", "{8962B50C-E3A9-4F0A-9E48-7008C40247CD}"
EndProject
Project("{FAE04EC0-301F-11D3-BF4B-00C04F79EFBC}") = "NCILibrary.Search.Endeca", "CDEFramework\Libraries\NCILibrary\Code\NCILibrary.Search.Endeca\NCILibrary.Search.Endeca.csproj", "{4A2B4CEC-E86D-4DB2-B3FB-22CFA0DD6F26}"
EndProject
Project("{FAE04EC0-301F-11D3-BF4B-00C04F79EFBC}") = "NCILibrary.Web.CDE", "CDEFramework\Libraries\NCILibrary\Code\NCILibrary.Web.CDE\NCILibrary.Web.CDE.csproj", "{EEE51BA0-18AE-4CF2-876F-7E75B5A2D1FF}"
EndProject
Project("{FAE04EC0-301F-11D3-BF4B-00C04F79EFBC}") = "NCILibrary.Web.CDE.UI", "CDEFramework\Libraries\NCILibrary\Code\NCILibrary.Web.CDE.UI\NCILibrary.Web.CDE.UI.csproj", "{AAFA2F86-D3F3-4224-A13E-BA6209A4EBAD}"
EndProject
Project("{FAE04EC0-301F-11D3-BF4B-00C04F79EFBC}") = "NCILibrary.Web.UI.WebControls", "CDEFramework\Libraries\NCILibrary\Code\NCILibrary.Web.UI.WebControls\NCILibrary.Web.UI.WebControls.csproj", "{5ADEF930-6ED8-485E-83DB-A9E14A4182F6}"
EndProject
Project("{FAE04EC0-301F-11D3-BF4B-00C04F79EFBC}") = "TCGA.Web", "CDESites\TCGA\SiteSpecific\TCGA.Web\TCGA.Web.csproj", "{1F72F00E-694F-4110-B356-91668F181653}"
EndProject
Project("{FAE04EC0-301F-11D3-BF4B-00C04F79EFBC}") = "CDR.TermDictionary", "CDESites\CancerGov\CDR.TermDictionary\CDR.TermDictionary.csproj", "{ADF8D268-685C-4444-9C9C-0BE6C4C1C492}"
EndProject
Project("{FAE04EC0-301F-11D3-BF4B-00C04F79EFBC}") = "CancerGovCommon", "CDESites\CancerGov\CancerGovCommon\CancerGovCommon.csproj", "{6F797B18-FF7E-4963-8E13-5EA26E910198}"
EndProject
Global
	GlobalSection(SolutionConfigurationPlatforms) = preSolution
		Debug|Any CPU = Debug|Any CPU
		Release|Any CPU = Release|Any CPU
	EndGlobalSection
	GlobalSection(ProjectConfigurationPlatforms) = postSolution
		{898FF17C-C94A-4D85-8AAD-88764B72CFAE}.Debug|Any CPU.ActiveCfg = Debug|Any CPU
		{898FF17C-C94A-4D85-8AAD-88764B72CFAE}.Debug|Any CPU.Build.0 = Debug|Any CPU
		{898FF17C-C94A-4D85-8AAD-88764B72CFAE}.Release|Any CPU.ActiveCfg = Release|Any CPU
		{898FF17C-C94A-4D85-8AAD-88764B72CFAE}.Release|Any CPU.Build.0 = Release|Any CPU
		{F4C37116-861A-4FD6-B45D-578B258FEFC7}.Debug|Any CPU.ActiveCfg = Debug|Any CPU
		{F4C37116-861A-4FD6-B45D-578B258FEFC7}.Debug|Any CPU.Build.0 = Debug|Any CPU
		{F4C37116-861A-4FD6-B45D-578B258FEFC7}.Release|Any CPU.ActiveCfg = Release|Any CPU
		{F4C37116-861A-4FD6-B45D-578B258FEFC7}.Release|Any CPU.Build.0 = Release|Any CPU
		{8962B50C-E3A9-4F0A-9E48-7008C40247CD}.Debug|Any CPU.ActiveCfg = Debug|Any CPU
		{8962B50C-E3A9-4F0A-9E48-7008C40247CD}.Debug|Any CPU.Build.0 = Debug|Any CPU
		{8962B50C-E3A9-4F0A-9E48-7008C40247CD}.Release|Any CPU.ActiveCfg = Release|Any CPU
		{8962B50C-E3A9-4F0A-9E48-7008C40247CD}.Release|Any CPU.Build.0 = Release|Any CPU
		{4A2B4CEC-E86D-4DB2-B3FB-22CFA0DD6F26}.Debug|Any CPU.ActiveCfg = Debug|Any CPU
		{4A2B4CEC-E86D-4DB2-B3FB-22CFA0DD6F26}.Debug|Any CPU.Build.0 = Debug|Any CPU
		{4A2B4CEC-E86D-4DB2-B3FB-22CFA0DD6F26}.Release|Any CPU.ActiveCfg = Release|Any CPU
		{4A2B4CEC-E86D-4DB2-B3FB-22CFA0DD6F26}.Release|Any CPU.Build.0 = Release|Any CPU
		{EEE51BA0-18AE-4CF2-876F-7E75B5A2D1FF}.Debug|Any CPU.ActiveCfg = Debug|Any CPU
		{EEE51BA0-18AE-4CF2-876F-7E75B5A2D1FF}.Debug|Any CPU.Build.0 = Debug|Any CPU
		{EEE51BA0-18AE-4CF2-876F-7E75B5A2D1FF}.Release|Any CPU.ActiveCfg = Release|Any CPU
		{EEE51BA0-18AE-4CF2-876F-7E75B5A2D1FF}.Release|Any CPU.Build.0 = Release|Any CPU
		{AAFA2F86-D3F3-4224-A13E-BA6209A4EBAD}.Debug|Any CPU.ActiveCfg = Debug|Any CPU
		{AAFA2F86-D3F3-4224-A13E-BA6209A4EBAD}.Debug|Any CPU.Build.0 = Debug|Any CPU
		{AAFA2F86-D3F3-4224-A13E-BA6209A4EBAD}.Release|Any CPU.ActiveCfg = Release|Any CPU
		{AAFA2F86-D3F3-4224-A13E-BA6209A4EBAD}.Release|Any CPU.Build.0 = Release|Any CPU
		{5ADEF930-6ED8-485E-83DB-A9E14A4182F6}.Debug|Any CPU.ActiveCfg = Debug|Any CPU
		{5ADEF930-6ED8-485E-83DB-A9E14A4182F6}.Debug|Any CPU.Build.0 = Debug|Any CPU
		{5ADEF930-6ED8-485E-83DB-A9E14A4182F6}.Release|Any CPU.ActiveCfg = Release|Any CPU
		{5ADEF930-6ED8-485E-83DB-A9E14A4182F6}.Release|Any CPU.Build.0 = Release|Any CPU
		{1F72F00E-694F-4110-B356-91668F181653}.Debug|Any CPU.ActiveCfg = Debug|Any CPU
		{1F72F00E-694F-4110-B356-91668F181653}.Debug|Any CPU.Build.0 = Debug|Any CPU
		{1F72F00E-694F-4110-B356-91668F181653}.Release|Any CPU.ActiveCfg = Release|Any CPU
		{1F72F00E-694F-4110-B356-91668F181653}.Release|Any CPU.Build.0 = Release|Any CPU
		{ADF8D268-685C-4444-9C9C-0BE6C4C1C492}.Debug|Any CPU.ActiveCfg = Debug|Any CPU
		{ADF8D268-685C-4444-9C9C-0BE6C4C1C492}.Debug|Any CPU.Build.0 = Debug|Any CPU
		{ADF8D268-685C-4444-9C9C-0BE6C4C1C492}.Release|Any CPU.ActiveCfg = Release|Any CPU
		{ADF8D268-685C-4444-9C9C-0BE6C4C1C492}.Release|Any CPU.Build.0 = Release|Any CPU
		{6F797B18-FF7E-4963-8E13-5EA26E910198}.Debug|Any CPU.ActiveCfg = Debug|Any CPU
		{6F797B18-FF7E-4963-8E13-5EA26E910198}.Debug|Any CPU.Build.0 = Debug|Any CPU
		{6F797B18-FF7E-4963-8E13-5EA26E910198}.Release|Any CPU.ActiveCfg = Release|Any CPU
		{6F797B18-FF7E-4963-8E13-5EA26E910198}.Release|Any CPU.Build.0 = Release|Any CPU
	EndGlobalSection
	GlobalSection(SolutionProperties) = preSolution
		HideSolutionNode = FALSE
	EndGlobalSection
	GlobalSection(NestedProjects) = preSolution
		{898FF17C-C94A-4D85-8AAD-88764B72CFAE} = {B06AAF96-852B-4321-879B-A2BC4FB5C699}
		{F4C37116-861A-4FD6-B45D-578B258FEFC7} = {B06AAF96-852B-4321-879B-A2BC4FB5C699}
		{8962B50C-E3A9-4F0A-9E48-7008C40247CD} = {B06AAF96-852B-4321-879B-A2BC4FB5C699}
		{4A2B4CEC-E86D-4DB2-B3FB-22CFA0DD6F26} = {B06AAF96-852B-4321-879B-A2BC4FB5C699}
		{EEE51BA0-18AE-4CF2-876F-7E75B5A2D1FF} = {B06AAF96-852B-4321-879B-A2BC4FB5C699}
		{AAFA2F86-D3F3-4224-A13E-BA6209A4EBAD} = {B06AAF96-852B-4321-879B-A2BC4FB5C699}
		{5ADEF930-6ED8-485E-83DB-A9E14A4182F6} = {B06AAF96-852B-4321-879B-A2BC4FB5C699}
		{ADF8D268-685C-4444-9C9C-0BE6C4C1C492} = {B06AAF96-852B-4321-879B-A2BC4FB5C699}
		{6F797B18-FF7E-4963-8E13-5EA26E910198} = {B06AAF96-852B-4321-879B-A2BC4FB5C699}
	EndGlobalSection
EndGlobal
